
Microsoft Visual Studio Solution File, Format Version 12.00
# Visual Studio Version 18
VisualStudioVersion = 18.1.11312.151 d18.0
MinimumVisualStudioVersion = 10.0.40219.1
Project("{FAE04EC0-301F-11D3-BF4B-00C04F79EFBC}") = "FinsUdpMasterApp", "FinsUdpMasterApp\FinsUdpMasterApp.csproj", "{6BEEE19B-259D-A9AD-812B-1D8E4CD22EE4}"
EndProject
Project("{FAE04EC0-301F-11D3-BF4B-00C04F79EFBC}") = "FinsUdpLib", "FinsUdpLib\FinsUdpLib.csproj", "{24CAB9A4-7E8B-0414-A873-5A43BAFCC7B9}"
EndProject
Project("{FAE04EC0-301F-11D3-BF4B-00C04F79EFBC}") = "FinsUdpSlaveSimulator", "FinsUdpSlaveSimulator\FinsUdpSlaveSimulator.csproj", "{DD8874E7-07A5-933D-011E-876B93B79AC5}"
EndProject
Global
	GlobalSection(SolutionConfigurationPlatforms) = preSolution
		Debug|Any CPU = Debug|Any CPU
		Release|Any CPU = Release|Any CPU
	EndGlobalSection
	GlobalSection(ProjectConfigurationPlatforms) = postSolution
		{6BEEE19B-259D-A9AD-812B-1D8E4CD22EE4}.Debug|Any CPU.ActiveCfg = Debug|Any CPU
		{6BEEE19B-259D-A9AD-812B-1D8E4CD22EE4}.Debug|Any CPU.Build.0 = Debug|Any CPU
		{6BEEE19B-259D-A9AD-812B-1D8E4CD22EE4}.Release|Any CPU.ActiveCfg = Release|Any CPU
		{6BEEE19B-259D-A9AD-812B-1D8E4CD22EE4}.Release|Any CPU.Build.0 = Release|Any CPU
		{24CAB9A4-7E8B-0414-A873-5A43BAFCC7B9}.Debug|Any CPU.ActiveCfg = Debug|Any CPU
		{24CAB9A4-7E8B-0414-A873-5A43BAFCC7B9}.Debug|Any CPU.Build.0 = Debug|Any CPU
		{24CAB9A4-7E8B-0414-A873-5A43BAFCC7B9}.Release|Any CPU.ActiveCfg = Release|Any CPU
		{24CAB9A4-7E8B-0414-A873-5A43BAFCC7B9}.Release|Any CPU.Build.0 = Release|Any CPU
		{DD8874E7-07A5-933D-011E-876B93B79AC5}.Debug|Any CPU.ActiveCfg = Debug|Any CPU
		{DD8874E7-07A5-933D-011E-876B93B79AC5}.Debug|Any CPU.Build.0 = Debug|Any CPU
		{DD8874E7-07A5-933D-011E-876B93B79AC5}.Release|Any CPU.ActiveCfg = Release|Any CPU
		{DD8874E7-07A5-933D-011E-876B93B79AC5}.Release|Any CPU.Build.0 = Release|Any CPU
	EndGlobalSection
	GlobalSection(SolutionProperties) = preSolution
		HideSolutionNode = FALSE
	EndGlobalSection
	GlobalSection(ExtensibilityGlobals) = postSolution
		SolutionGuid = {21F62D21-A2BF-4259-977D-D57DF581CC45}
	EndGlobalSection
EndGlobal
